
Microsoft Visual Studio Solution File, Format Version 12.00
# Visual Studio Version 17
VisualStudioVersion = 17.5.002.0
MinimumVisualStudioVersion = 10.0.40219.1
Project("{9A19103F-16F7-4668-BE54-9A1E7A4F7556}") = "actorSystem", "actorSystem\actorSystem.csproj", "{D28A0453-1D85-42DF-9D6D-A662E60CD527}"
EndProject
Project("{FAE04EC0-301F-11D3-BF4B-00C04F79EFBC}") = "signalR", "signalR\signalR.csproj", "{799C1AB5-AE9D-45F6-B574-2206FF2D6D41}"
EndProject
Project("{FAE04EC0-301F-11D3-BF4B-00C04F79EFBC}") = "actorSystem.Test", "actorSystem.Test\actorSystem.Test.csproj", "{3F22C4C1-F568-4043-81D6-5F3A3A8B369B}"
EndProject
Project("{FAE04EC0-301F-11D3-BF4B-00C04F79EFBC}") = "shared", "shared\shared.csproj", "{7F7378A0-C333-4238-A8A0-484975D605F0}"
EndProject
Global
	GlobalSection(SolutionConfigurationPlatforms) = preSolution
		Debug|Any CPU = Debug|Any CPU
		Release|Any CPU = Release|Any CPU
	EndGlobalSection
	GlobalSection(ProjectConfigurationPlatforms) = postSolution
		{D28A0453-1D85-42DF-9D6D-A662E60CD527}.Debug|Any CPU.ActiveCfg = Debug|Any CPU
		{D28A0453-1D85-42DF-9D6D-A662E60CD527}.Debug|Any CPU.Build.0 = Debug|Any CPU
		{D28A0453-1D85-42DF-9D6D-A662E60CD527}.Release|Any CPU.ActiveCfg = Release|Any CPU
		{D28A0453-1D85-42DF-9D6D-A662E60CD527}.Release|Any CPU.Build.0 = Release|Any CPU
		{799C1AB5-AE9D-45F6-B574-2206FF2D6D41}.Debug|Any CPU.ActiveCfg = Debug|Any CPU
		{799C1AB5-AE9D-45F6-B574-2206FF2D6D41}.Debug|Any CPU.Build.0 = Debug|Any CPU
		{799C1AB5-AE9D-45F6-B574-2206FF2D6D41}.Release|Any CPU.ActiveCfg = Release|Any CPU
		{799C1AB5-AE9D-45F6-B574-2206FF2D6D41}.Release|Any CPU.Build.0 = Release|Any CPU
		{3F22C4C1-F568-4043-81D6-5F3A3A8B369B}.Debug|Any CPU.ActiveCfg = Debug|Any CPU
		{3F22C4C1-F568-4043-81D6-5F3A3A8B369B}.Debug|Any CPU.Build.0 = Debug|Any CPU
		{3F22C4C1-F568-4043-81D6-5F3A3A8B369B}.Release|Any CPU.ActiveCfg = Release|Any CPU
		{3F22C4C1-F568-4043-81D6-5F3A3A8B369B}.Release|Any CPU.Build.0 = Release|Any CPU
		{7F7378A0-C333-4238-A8A0-484975D605F0}.Debug|Any CPU.ActiveCfg = Debug|Any CPU
		{7F7378A0-C333-4238-A8A0-484975D605F0}.Debug|Any CPU.Build.0 = Debug|Any CPU
		{7F7378A0-C333-4238-A8A0-484975D605F0}.Release|Any CPU.ActiveCfg = Release|Any CPU
		{7F7378A0-C333-4238-A8A0-484975D605F0}.Release|Any CPU.Build.0 = Release|Any CPU
	EndGlobalSection
	GlobalSection(SolutionProperties) = preSolution
		HideSolutionNode = FALSE
	EndGlobalSection
	GlobalSection(ExtensibilityGlobals) = postSolution
		SolutionGuid = {D4E2C8D7-579F-458A-BB9B-569CE6225A52}
	EndGlobalSection
EndGlobal
